
Microsoft Visual Studio Solution File, Format Version 12.00
# Visual Studio Version 17
VisualStudioVersion = 17.4.33205.214
MinimumVisualStudioVersion = 10.0.40219.1
Project("{9A19103F-16F7-4668-BE54-9A1E7A4F7556}") = "GobbletBot", "GobbletBot.csproj", "{C2A1243B-7BFF-4EE3-8627-13C3C40FACA3}"
EndProject
Project("{2150E333-8FDC-42A3-9474-1A3956D46DE8}") = "Solution Items", "Solution Items", "{0E0D8182-8226-49C0-9A9D-E04A20EAFC56}"
	ProjectSection(SolutionItems) = preProject
		.editorconfig = .editorconfig
	EndProjectSection
EndProject
Global
	GlobalSection(SolutionConfigurationPlatforms) = preSolution
		Debug|Any CPU = Debug|Any CPU
		Release|Any CPU = Release|Any CPU
	EndGlobalSection
	GlobalSection(ProjectConfigurationPlatforms) = postSolution
		{C2A1243B-7BFF-4EE3-8627-13C3C40FACA3}.Debug|Any CPU.ActiveCfg = Debug|Any CPU
		{C2A1243B-7BFF-4EE3-8627-13C3C40FACA3}.Debug|Any CPU.Build.0 = Debug|Any CPU
		{C2A1243B-7BFF-4EE3-8627-13C3C40FACA3}.Release|Any CPU.ActiveCfg = Release|Any CPU
		{C2A1243B-7BFF-4EE3-8627-13C3C40FACA3}.Release|Any CPU.Build.0 = Release|Any CPU
	EndGlobalSection
	GlobalSection(SolutionProperties) = preSolution
		HideSolutionNode = FALSE
	EndGlobalSection
	GlobalSection(ExtensibilityGlobals) = postSolution
		SolutionGuid = {0093ECB8-12F1-48A2-A212-4F43159A2B0A}
	EndGlobalSection
EndGlobal
